
Microsoft Visual Studio Solution File, Format Version 12.00
# Visual Studio Version 17
VisualStudioVersion = 17.11.35327.3
MinimumVisualStudioVersion = 10.0.40219.1
Project("{FAE04EC0-301F-11D3-BF4B-00C04F79EFBC}") = "GCScript.Gotify", "GCScript.Gotify.csproj", "{D69D2D78-1158-4C55-9246-6DFE5B8C4FE5}"
EndProject
Global
	GlobalSection(SolutionConfigurationPlatforms) = preSolution
		Debug|Any CPU = Debug|Any CPU
		Release|Any CPU = Release|Any CPU
	EndGlobalSection
	GlobalSection(ProjectConfigurationPlatforms) = postSolution
		{D69D2D78-1158-4C55-9246-6DFE5B8C4FE5}.Debug|Any CPU.ActiveCfg = Debug|Any CPU
		{D69D2D78-1158-4C55-9246-6DFE5B8C4FE5}.Debug|Any CPU.Build.0 = Debug|Any CPU
		{D69D2D78-1158-4C55-9246-6DFE5B8C4FE5}.Release|Any CPU.ActiveCfg = Release|Any CPU
		{D69D2D78-1158-4C55-9246-6DFE5B8C4FE5}.Release|Any CPU.Build.0 = Release|Any CPU
	EndGlobalSection
	GlobalSection(SolutionProperties) = preSolution
		HideSolutionNode = FALSE
	EndGlobalSection
	GlobalSection(ExtensibilityGlobals) = postSolution
		SolutionGuid = {89305E35-BDF4-4904-A3D4-F97F731F1634}
	EndGlobalSection
EndGlobal
